{
  "nodes": {
    "nixpkgs": {
      "locked": {
        "lastModified": 1757319647,
        "narHash": "sha256-bVZyYV7fYfHqAKrlnnpOveP3jyoN++HaUy0M5aWwlv8=",
        "owner": "ylannl",
        "repo": "nixpkgs",
        "rev": "bb8f29e420c5c4a7f37da1fec7dcb70d2a8a065b",
        "type": "github"
      },
      "original": {
        "owner": "ylannl",
        "ref": "gdalMinimal",
        "repo": "nixpkgs",
        "type": "github"
      }
    },
    "root": {
      "inputs": {
        "nixpkgs": "nixpkgs",
        "val3dity-src": "val3dity-src"
      }
    },
    "val3dity-src": {
      "flake": false,
      "locked": {
        "lastModified": 1757077225,
        "narHash": "sha256-KzDmiPNqfm+iWK6omyAwWPk6rm64bhB4FLcl6q2Z+Oo=",
        "owner": "ylannl",
        "repo": "val3dity",
        "rev": "4ebba86b84f0096a365ed67c87533742ddfa7877",
        "type": "github"
      },
      "original": {
        "owner": "ylannl",
        "repo": "val3dity",
        "type": "github"
      }
    }
  },
  "root": "root",
  "version": 7
}
