{
  "nodes": {
    "nixpkgs": {
      "locked": {
        "lastModified": 1754487508,
        "narHash": "sha256-N3q2RRuJZk66yHEoT8SyxLSgR2t5/PYQPMU4nloapk4=",
        "owner": "Ylannl",
        "repo": "nixpkgs",
        "rev": "2ffbaa27f2ab094eda2f1e375c3349a3ef569095",
        "type": "github"
      },
      "original": {
        "owner": "Ylannl",
        "ref": "cgal",
        "repo": "nixpkgs",
        "type": "github"
      }
    },
    "root": {
      "inputs": {
        "nixpkgs": "nixpkgs"
      }
    }
  },
  "root": "root",
  "version": 7
}
